// !$*UTF8*$!
{
	archiveVersion = 1;
	classes = {
	};
	objectVersion = 46;
	objects = {

/* Begin PBXBuildFile section */
		A3E8C8E019817C7C000C415D /* Foundation.framework in Frameworks */ = {isa = PBXBuildFile; fileRef = A3E8C8DF19817C7C000C415D /* Foundation.framework */; };
		A3E8C8E219817C7C000C415D /* CoreGraphics.framework in Frameworks */ = {isa = PBXBuildFile; fileRef = A3E8C8E119817C7C000C415D /* CoreGraphics.framework */; };
		A3E8C8E419817C7C000C415D /* UIKit.framework in Frameworks */ = {isa = PBXBuildFile; fileRef = A3E8C8E319817C7C000C415D /* UIKit.framework */; };
		A3E8C8EA19817C7C000C415D /* InfoPlist.strings in Resources */ = {isa = PBXBuildFile; fileRef = A3E8C8E819817C7C000C415D /* InfoPlist.strings */; };
		A3E8C8EC19817C7C000C415D /* main.m in Sources */ = {isa = PBXBuildFile; fileRef = A3E8C8EB19817C7C000C415D /* main.m */; };
		A3E8C8F019817C7C000C415D /* DFAppDelegate.m in Sources */ = {isa = PBXBuildFile; fileRef = A3E8C8EF19817C7C000C415D /* DFAppDelegate.m */; };
		A3E8C8F319817C7C000C415D /* Main.storyboard in Resources */ = {isa = PBXBuildFile; fileRef = A3E8C8F119817C7C000C415D /* Main.storyboard */; };
		A3E8C8F619817C7C000C415D /* DFViewController.m in Sources */ = {isa = PBXBuildFile; fileRef = A3E8C8F519817C7C000C415D /* DFViewController.m */; };
		A3E8C8F819817C7C000C415D /* Images.xcassets in Resources */ = {isa = PBXBuildFile; fileRef = A3E8C8F719817C7C000C415D /* Images.xcassets */; };
		A3E8C8FF19817C7C000C415D /* XCTest.framework in Frameworks */ = {isa = PBXBuildFile; fileRef = A3E8C8FE19817C7C000C415D /* XCTest.framework */; };
		A3E8C90019817C7C000C415D /* Foundation.framework in Frameworks */ = {isa = PBXBuildFile; fileRef = A3E8C8DF19817C7C000C415D /* Foundation.framework */; };
		A3E8C90119817C7C000C415D /* UIKit.framework in Frameworks */ = {isa = PBXBuildFile; fileRef = A3E8C8E319817C7C000C415D /* UIKit.framework */; };
		A3E8C9161981946D000C415D /* DFImageFilter.m in Sources */ = {isa = PBXBuildFile; fileRef = A3E8C9151981946D000C415D /* DFImageFilter.m */; };
		A3E8C918198194E7000C415D /* CoreImage.framework in Frameworks */ = {isa = PBXBuildFile; fileRef = A3E8C917198194E7000C415D /* CoreImage.framework */; };
/* End PBXBuildFile section */

/* Begin PBXContainerItemProxy section */
		A3E8C90219817C7C000C415D /* PBXContainerItemProxy */ = {
			isa = PBXContainerItemProxy;
			containerPortal = A3E8C8D419817C7C000C415D /* Project object */;
			proxyType = 1;
			remoteGlobalIDString = A3E8C8DB19817C7C000C415D;
			remoteInfo = DFImageFilterApp;
		};
/* End PBXContainerItemProxy section */

/* Begin PBXFileReference section */
		A3E8C8DC19817C7C000C415D /* DFImageFilterApp.app */ = {isa = PBXFileReference; explicitFileType = wrapper.application; includeInIndex = 0; path = DFImageFilterApp.app; sourceTree = BUILT_PRODUCTS_DIR; };
		A3E8C8DF19817C7C000C415D /* Foundation.framework */ = {isa = PBXFileReference; lastKnownFileType = wrapper.framework; name = Foundation.framework; path = System/Library/Frameworks/Foundation.framework; sourceTree = SDKROOT; };
		A3E8C8E119817C7C000C415D /* CoreGraphics.framework */ = {isa = PBXFileReference; lastKnownFileType = wrapper.framework; name = CoreGraphics.framework; path = System/Library/Frameworks/CoreGraphics.framework; sourceTree = SDKROOT; };
		A3E8C8E319817C7C000C415D /* UIKit.framework */ = {isa = PBXFileReference; lastKnownFileType = wrapper.framework; name = UIKit.framework; path = System/Library/Frameworks/UIKit.framework; sourceTree = SDKROOT; };
		A3E8C8E719817C7C000C415D /* DFImageFilterApp-Info.plist */ = {isa = PBXFileReference; lastKnownFileType = text.plist.xml; path = "DFImageFilterApp-Info.plist"; sourceTree = "<group>"; };
		A3E8C8E919817C7C000C415D /* en */ = {isa = PBXFileReference; lastKnownFileType = text.plist.strings; name = en; path = en.lproj/InfoPlist.strings; sourceTree = "<group>"; };
		A3E8C8EB19817C7C000C415D /* main.m */ = {isa = PBXFileReference; lastKnownFileType = sourcecode.c.objc; path = main.m; sourceTree = "<group>"; };
		A3E8C8ED19817C7C000C415D /* DFImageFilterApp-Prefix.pch */ = {isa = PBXFileReference; lastKnownFileType = sourcecode.c.h; path = "DFImageFilterApp-Prefix.pch"; sourceTree = "<group>"; };
		A3E8C8EE19817C7C000C415D /* DFAppDelegate.h */ = {isa = PBXFileReference; lastKnownFileType = sourcecode.c.h; path = DFAppDelegate.h; sourceTree = "<group>"; };
		A3E8C8EF19817C7C000C415D /* DFAppDelegate.m */ = {isa = PBXFileReference; lastKnownFileType = sourcecode.c.objc; path = DFAppDelegate.m; sourceTree = "<group>"; };
		A3E8C8F219817C7C000C415D /* Base */ = {isa = PBXFileReference; lastKnownFileType = file.storyboard; name = Base; path = Base.lproj/Main.storyboard; sourceTree = "<group>"; };
		A3E8C8F419817C7C000C415D /* DFViewController.h */ = {isa = PBXFileReference; lastKnownFileType = sourcecode.c.h; path = DFViewController.h; sourceTree = "<group>"; };
		A3E8C8F519817C7C000C415D /* DFViewController.m */ = {isa = PBXFileReference; lastKnownFileType = sourcecode.c.objc; path = DFViewController.m; sourceTree = "<group>"; };
		A3E8C8F719817C7C000C415D /* Images.xcassets */ = {isa = PBXFileReference; lastKnownFileType = folder.assetcatalog; path = Images.xcassets; sourceTree = "<group>"; };
		A3E8C8FD19817C7C000C415D /* DFImageFilterAppTests.xctest */ = {isa = PBXFileReference; explicitFileType = wrapper.cfbundle; includeInIndex = 0; path = DFImageFilterAppTests.xctest; sourceTree = BUILT_PRODUCTS_DIR; };
		A3E8C8FE19817C7C000C415D /* XCTest.framework */ = {isa = PBXFileReference; lastKnownFileType = wrapper.framework; name = XCTest.framework; path = Library/Frameworks/XCTest.framework; sourceTree = DEVELOPER_DIR; };
		A3E8C9141981946D000C415D /* DFImageFilter.h */ = {isa = PBXFileReference; fileEncoding = 4; lastKnownFileType = sourcecode.c.h; path = DFImageFilter.h; sourceTree = "<group>"; };
		A3E8C9151981946D000C415D /* DFImageFilter.m */ = {isa = PBXFileReference; fileEncoding = 4; lastKnownFileType = sourcecode.c.objc; path = DFImageFilter.m; sourceTree = "<group>"; };
		A3E8C917198194E7000C415D /* CoreImage.framework */ = {isa = PBXFileReference; lastKnownFileType = wrapper.framework; name = CoreImage.framework; path = System/Library/Frameworks/CoreImage.framework; sourceTree = SDKROOT; };
/* End PBXFileReference section */

/* Begin PBXFrameworksBuildPhase section */
		A3E8C8D919817C7C000C415D /* Frameworks */ = {
			isa = PBXFrameworksBuildPhase;
			buildActionMask = 2147483647;
			files = (
				A3E8C918198194E7000C415D /* CoreImage.framework in Frameworks */,
				A3E8C8E219817C7C000C415D /* CoreGraphics.framework in Frameworks */,
				A3E8C8E419817C7C000C415D /* UIKit.framework in Frameworks */,
				A3E8C8E019817C7C000C415D /* Foundation.framework in Frameworks */,
			);
			runOnlyForDeploymentPostprocessing = 0;
		};
		A3E8C8FA19817C7C000C415D /* Frameworks */ = {
			isa = PBXFrameworksBuildPhase;
			buildActionMask = 2147483647;
			files = (
				A3E8C8FF19817C7C000C415D /* XCTest.framework in Frameworks */,
				A3E8C90119817C7C000C415D /* UIKit.framework in Frameworks */,
				A3E8C90019817C7C000C415D /* Foundation.framework in Frameworks */,
			);
			runOnlyForDeploymentPostprocessing = 0;
		};
/* End PBXFrameworksBuildPhase section */

/* Begin PBXGroup section */
		A3E8C8D319817C7C000C415D = {
			isa = PBXGroup;
			children = (
				A3E8C8E519817C7C000C415D /* DFImageFilterApp */,
				A3E8C8DE19817C7C000C415D /* Frameworks */,
				A3E8C8DD19817C7C000C415D /* Products */,
			);
			sourceTree = "<group>";
		};
		A3E8C8DD19817C7C000C415D /* Products */ = {
			isa = PBXGroup;
			children = (
				A3E8C8DC19817C7C000C415D /* DFImageFilterApp.app */,
				A3E8C8FD19817C7C000C415D /* DFImageFilterAppTests.xctest */,
			);
			name = Products;
			sourceTree = "<group>";
		};
		A3E8C8DE19817C7C000C415D /* Frameworks */ = {
			isa = PBXGroup;
			children = (
				A3E8C917198194E7000C415D /* CoreImage.framework */,
				A3E8C8DF19817C7C000C415D /* Foundation.framework */,
				A3E8C8E119817C7C000C415D /* CoreGraphics.framework */,
				A3E8C8E319817C7C000C415D /* UIKit.framework */,
				A3E8C8FE19817C7C000C415D /* XCTest.framework */,
			);
			name = Frameworks;
			sourceTree = "<group>";
		};
		A3E8C8E519817C7C000C415D /* DFImageFilterApp */ = {
			isa = PBXGroup;
			children = (
				A3E8C9141981946D000C415D /* DFImageFilter.h */,
				A3E8C9151981946D000C415D /* DFImageFilter.m */,
				A3E8C8EE19817C7C000C415D /* DFAppDelegate.h */,
				A3E8C8EF19817C7C000C415D /* DFAppDelegate.m */,
				A3E8C8F119817C7C000C415D /* Main.storyboard */,
				A3E8C8F419817C7C000C415D /* DFViewController.h */,
				A3E8C8F519817C7C000C415D /* DFViewController.m */,
				A3E8C8F719817C7C000C415D /* Images.xcassets */,
				A3E8C8E619817C7C000C415D /* Supporting Files */,
			);
			path = DFImageFilterApp;
			sourceTree = "<group>";
		};
		A3E8C8E619817C7C000C415D /* Supporting Files */ = {
			isa = PBXGroup;
			children = (
				A3E8C8E719817C7C000C415D /* DFImageFilterApp-Info.plist */,
				A3E8C8E819817C7C000C415D /* InfoPlist.strings */,
				A3E8C8EB19817C7C000C415D /* main.m */,
				A3E8C8ED19817C7C000C415D /* DFImageFilterApp-Prefix.pch */,
			);
			name = "Supporting Files";
			sourceTree = "<group>";
		};
/* End PBXGroup section */

/* Begin PBXNativeTarget section */
		A3E8C8DB19817C7C000C415D /* DFImageFilterApp */ = {
			isa = PBXNativeTarget;
			buildConfigurationList = A3E8C90E19817C7C000C415D /* Build configuration list for PBXNativeTarget "DFImageFilterApp" */;
			buildPhases = (
				A3E8C8D819817C7C000C415D /* Sources */,
				A3E8C8D919817C7C000C415D /* Frameworks */,
				A3E8C8DA19817C7C000C415D /* Resources */,
			);
			buildRules = (
			);
			dependencies = (
			);
			name = DFImageFilterApp;
			productName = DFImageFilterApp;
			productReference = A3E8C8DC19817C7C000C415D /* DFImageFilterApp.app */;
			productType = "com.apple.product-type.application";
		};
		A3E8C8FC19817C7C000C415D /* DFImageFilterAppTests */ = {
			isa = PBXNativeTarget;
			buildConfigurationList = A3E8C91119817C7C000C415D /* Build configuration list for PBXNativeTarget "DFImageFilterAppTests" */;
			buildPhases = (
				A3E8C8F919817C7C000C415D /* Sources */,
				A3E8C8FA19817C7C000C415D /* Frameworks */,
				A3E8C8FB19817C7C000C415D /* Resources */,
			);
			buildRules = (
			);
			dependencies = (
				A3E8C90319817C7C000C415D /* PBXTargetDependency */,
			);
			name = DFImageFilterAppTests;
			productName = DFImageFilterAppTests;
			productReference = A3E8C8FD19817C7C000C415D /* DFImageFilterAppTests.xctest */;
			productType = "com.apple.product-type.bundle.unit-test";
		};
/* End PBXNativeTarget section */

/* Begin PBXProject section */
		A3E8C8D419817C7C000C415D /* Project object */ = {
			isa = PBXProject;
			attributes = {
				CLASSPREFIX = DF;
				LastUpgradeCheck = 0510;
				ORGANIZATIONNAME = df;
				TargetAttributes = {
					A3E8C8FC19817C7C000C415D = {
						TestTargetID = A3E8C8DB19817C7C000C415D;
					};
				};
			};
			buildConfigurationList = A3E8C8D719817C7C000C415D /* Build configuration list for PBXProject "DFImageFilterApp" */;
			compatibilityVersion = "Xcode 3.2";
			developmentRegion = English;
			hasScannedForEncodings = 0;
			knownRegions = (
				en,
				Base,
			);
			mainGroup = A3E8C8D319817C7C000C415D;
			productRefGroup = A3E8C8DD19817C7C000C415D /* Products */;
			projectDirPath = "";
			projectRoot = "";
			targets = (
				A3E8C8DB19817C7C000C415D /* DFImageFilterApp */,
				A3E8C8FC19817C7C000C415D /* DFImageFilterAppTests */,
			);
		};
/* End PBXProject section */

/* Begin PBXResourcesBuildPhase section */
		A3E8C8DA19817C7C000C415D /* Resources */ = {
			isa = PBXResourcesBuildPhase;
			buildActionMask = 2147483647;
			files = (
				A3E8C8F819817C7C000C415D /* Images.xcassets in Resources */,
				A3E8C8EA19817C7C000C415D /* InfoPlist.strings in Resources */,
				A3E8C8F319817C7C000C415D /* Main.storyboard in Resources */,
			);
			runOnlyForDeploymentPostprocessing = 0;
		};
		A3E8C8FB19817C7C000C415D /* Resources */ = {
			isa = PBXResourcesBuildPhase;
			buildActionMask = 2147483647;
			files = (
			);
			runOnlyForDeploymentPostprocessing = 0;
		};
/* End PBXResourcesBuildPhase section */

/* Begin PBXSourcesBuildPhase section */
		A3E8C8D819817C7C000C415D /* Sources */ = {
			isa = PBXSourcesBuildPhase;
			buildActionMask = 2147483647;
			files = (
				A3E8C8F019817C7C000C415D /* DFAppDelegate.m in Sources */,
				A3E8C9161981946D000C415D /* DFImageFilter.m in Sources */,
				A3E8C8F619817C7C000C415D /* DFViewController.m in Sources */,
				A3E8C8EC19817C7C000C415D /* main.m in Sources */,
			);
			runOnlyForDeploymentPostprocessing = 0;
		};
		A3E8C8F919817C7C000C415D /* Sources */ = {
			isa = PBXSourcesBuildPhase;
			buildActionMask = 2147483647;
			files = (
			);
			runOnlyForDeploymentPostprocessing = 0;
		};
/* End PBXSourcesBuildPhase section */

/* Begin PBXTargetDependency section */
		A3E8C90319817C7C000C415D /* PBXTargetDependency */ = {
			isa = PBXTargetDependency;
			target = A3E8C8DB19817C7C000C415D /* DFImageFilterApp */;
			targetProxy = A3E8C90219817C7C000C415D /* PBXContainerItemProxy */;
		};
/* End PBXTargetDependency section */

/* Begin PBXVariantGroup section */
		A3E8C8E819817C7C000C415D /* InfoPlist.strings */ = {
			isa = PBXVariantGroup;
			children = (
				A3E8C8E919817C7C000C415D /* en */,
			);
			name = InfoPlist.strings;
			sourceTree = "<group>";
		};
		A3E8C8F119817C7C000C415D /* Main.storyboard */ = {
			isa = PBXVariantGroup;
			children = (
				A3E8C8F219817C7C000C415D /* Base */,
			);
			name = Main.storyboard;
			sourceTree = "<group>";
		};
/* End PBXVariantGroup section */

/* Begin XCBuildConfiguration section */
		A3E8C90C19817C7C000C415D /* Debug */ = {
			isa = XCBuildConfiguration;
			buildSettings = {
				ALWAYS_SEARCH_USER_PATHS = NO;
				CLANG_CXX_LANGUAGE_STANDARD = "gnu++0x";
				CLANG_CXX_LIBRARY = "libc++";
				CLANG_ENABLE_MODULES = YES;
				CLANG_ENABLE_OBJC_ARC = YES;
				CLANG_WARN_BOOL_CONVERSION = YES;
				CLANG_WARN_CONSTANT_CONVERSION = YES;
				CLANG_WARN_DIRECT_OBJC_ISA_USAGE = YES_ERROR;
				CLANG_WARN_EMPTY_BODY = YES;
				CLANG_WARN_ENUM_CONVERSION = YES;
				CLANG_WARN_INT_CONVERSION = YES;
				CLANG_WARN_OBJC_ROOT_CLASS = YES_ERROR;
				CLANG_WARN__DUPLICATE_METHOD_MATCH = YES;
				"CODE_SIGN_IDENTITY[sdk=iphoneos*]" = "iPhone Developer";
				COPY_PHASE_STRIP = NO;
				GCC_C_LANGUAGE_STANDARD = gnu99;
				GCC_DYNAMIC_NO_PIC = NO;
				GCC_OPTIMIZATION_LEVEL = 0;
				GCC_PREPROCESSOR_DEFINITIONS = (
					"DEBUG=1",
					"$(inherited)",
				);
				GCC_SYMBOLS_PRIVATE_EXTERN = NO;
				GCC_WARN_64_TO_32_BIT_CONVERSION = YES;
				GCC_WARN_ABOUT_RETURN_TYPE = YES_ERROR;
				GCC_WARN_UNDECLARED_SELECTOR = YES;
				GCC_WARN_UNINITIALIZED_AUTOS = YES_AGGRESSIVE;
				GCC_WARN_UNUSED_FUNCTION = YES;
				GCC_WARN_UNUSED_VARIABLE = YES;
				IPHONEOS_DEPLOYMENT_TARGET = 7.1;
				ONLY_ACTIVE_ARCH = YES;
				SDKROOT = iphoneos;
			};
			name = Debug;
		};
		A3E8C90D19817C7C000C415D /* Release */ = {
			isa = XCBuildConfiguration;
			buildSettings = {
				ALWAYS_SEARCH_USER_PATHS = NO;
				CLANG_CXX_LANGUAGE_STANDARD = "gnu++0x";
				CLANG_CXX_LIBRARY = "libc++";
				CLANG_ENABLE_MODULES = YES;
				CLANG_ENABLE_OBJC_ARC = YES;
				CLANG_WARN_BOOL_CONVERSION = YES;
				CLANG_WARN_CONSTANT_CONVERSION = YES;
				CLANG_WARN_DIRECT_OBJC_ISA_USAGE = YES_ERROR;
				CLANG_WARN_EMPTY_BODY = YES;
				CLANG_WARN_ENUM_CONVERSION = YES;
				CLANG_WARN_INT_CONVERSION = YES;
				CLANG_WARN_OBJC_ROOT_CLASS = YES_ERROR;
				CLANG_WARN__DUPLICATE_METHOD_MATCH = YES;
				"CODE_SIGN_IDENTITY[sdk=iphoneos*]" = "iPhone Developer";
				COPY_PHASE_STRIP = YES;
				ENABLE_NS_ASSERTIONS = NO;
				GCC_C_LANGUAGE_STANDARD = gnu99;
				GCC_WARN_64_TO_32_BIT_CONVERSION = YES;
				GCC_WARN_ABOUT_RETURN_TYPE = YES_ERROR;
				GCC_WARN_UNDECLARED_SELECTOR = YES;
				GCC_WARN_UNINITIALIZED_AUTOS = YES_AGGRESSIVE;
				GCC_WARN_UNUSED_FUNCTION = YES;
				GCC_WARN_UNUSED_VARIABLE = YES;
				IPHONEOS_DEPLOYMENT_TARGET = 7.1;
				SDKROOT = iphoneos;
				VALIDATE_PRODUCT = YES;
			};
			name = Release;
		};
		A3E8C90F19817C7C000C415D /* Debug */ = {
			isa = XCBuildConfiguration;
			buildSettings = {
				ASSETCATALOG_COMPILER_APPICON_NAME = AppIcon;
				ASSETCATALOG_COMPILER_LAUNCHIMAGE_NAME = LaunchImage;
				GCC_PRECOMPILE_PREFIX_HEADER = YES;
				GCC_PREFIX_HEADER = "DFImageFilterApp/DFImageFilterApp-Prefix.pch";
				INFOPLIST_FILE = "DFImageFilterApp/DFImageFilterApp-Info.plist";
				PRODUCT_NAME = "$(TARGET_NAME)";
				WRAPPER_EXTENSION = app;
			};
			name = Debug;
		};
		A3E8C91019817C7C000C415D /* Release */ = {
			isa = XCBuildConfiguration;
			buildSettings = {
				ASSETCATALOG_COMPILER_APPICON_NAME = AppIcon;
				ASSETCATALOG_COMPILER_LAUNCHIMAGE_NAME = LaunchImage;
				GCC_PRECOMPILE_PREFIX_HEADER = YES;
				GCC_PREFIX_HEADER = "DFImageFilterApp/DFImageFilterApp-Prefix.pch";
				INFOPLIST_FILE = "DFImageFilterApp/DFImageFilterApp-Info.plist";
				PRODUCT_NAME = "$(TARGET_NAME)";
				WRAPPER_EXTENSION = app;
			};
			name = Release;
		};
		A3E8C91219817C7C000C415D /* Debug */ = {
			isa = XCBuildConfiguration;
			buildSettings = {
				BUNDLE_LOADER = "$(BUILT_PRODUCTS_DIR)/DFImageFilterApp.app/DFImageFilterApp";
				FRAMEWORK_SEARCH_PATHS = (
					"$(SDKROOT)/Developer/Library/Frameworks",
					"$(inherited)",
					"$(DEVELOPER_FRAMEWORKS_DIR)",
				);
				GCC_PRECOMPILE_PREFIX_HEADER = YES;
				GCC_PREFIX_HEADER = "DFImageFilterApp/DFImageFilterApp-Prefix.pch";
				GCC_PREPROCESSOR_DEFINITIONS = (
					"DEBUG=1",
					"$(inherited)",
				);
				INFOPLIST_FILE = "DFImageFilterAppTests/DFImageFilterAppTests-Info.plist";
				PRODUCT_NAME = "$(TARGET_NAME)";
				TEST_HOST = "$(BUNDLE_LOADER)";
				WRAPPER_EXTENSION = xctest;
			};
			name = Debug;
		};
		A3E8C91319817C7C000C415D /* Release */ = {
			isa = XCBuildConfiguration;
			buildSettings = {
				BUNDLE_LOADER = "$(BUILT_PRODUCTS_DIR)/DFImageFilterApp.app/DFImageFilterApp";
				FRAMEWORK_SEARCH_PATHS = (
					"$(SDKROOT)/Developer/Library/Frameworks",
					"$(inherited)",
					"$(DEVELOPER_FRAMEWORKS_DIR)",
				);
				GCC_PRECOMPILE_PREFIX_HEADER = YES;
				GCC_PREFIX_HEADER = "DFImageFilterApp/DFImageFilterApp-Prefix.pch";
				INFOPLIST_FILE = "DFImageFilterAppTests/DFImageFilterAppTests-Info.plist";
				PRODUCT_NAME = "$(TARGET_NAME)";
				TEST_HOST = "$(BUNDLE_LOADER)";
				WRAPPER_EXTENSION = xctest;
			};
			name = Release;
		};
/* End XCBuildConfiguration section */

/* Begin XCConfigurationList section */
		A3E8C8D719817C7C000C415D /* Build configuration list for PBXProject "DFImageFilterApp" */ = {
			isa = XCConfigurationList;
			buildConfigurations = (
				A3E8C90C19817C7C000C415D /* Debug */,
				A3E8C90D19817C7C000C415D /* Release */,
			);
			defaultConfigurationIsVisible = 0;
			defaultConfigurationName = Release;
		};
		A3E8C90E19817C7C000C415D /* Build configuration list for PBXNativeTarget "DFImageFilterApp" */ = {
			isa = XCConfigurationList;
			buildConfigurations = (
				A3E8C90F19817C7C000C415D /* Debug */,
				A3E8C91019817C7C000C415D /* Release */,
			);
			defaultConfigurationIsVisible = 0;
			defaultConfigurationName = Release;
		};
		A3E8C91119817C7C000C415D /* Build configuration list for PBXNativeTarget "DFImageFilterAppTests" */ = {
			isa = XCConfigurationList;
			buildConfigurations = (
				A3E8C91219817C7C000C415D /* Debug */,
				A3E8C91319817C7C000C415D /* Release */,
			);
			defaultConfigurationIsVisible = 0;
			defaultConfigurationName = Release;
		};
/* End XCConfigurationList section */
	};
	rootObject = A3E8C8D419817C7C000C415D /* Project object */;
}
